// !$*UTF8*$!
{
	archiveVersion = 1;
	classes = {
	};
	objectVersion = 55;
	objects = {

/* Begin PBXBuildFile section */
		0DA5E86F7A3393713469C473 /* Pods_M20_LocalSaveData.framework in Frameworks */ = {isa = PBXBuildFile; fileRef = 8241249FA98790D4A03132A3 /* Pods_M20_LocalSaveData.framework */; };
		6B430EFB2AB474710055E2D5 /* AppDelegate.swift in Sources */ = {isa = PBXBuildFile; fileRef = 6B430EFA2AB474710055E2D5 /* AppDelegate.swift */; };
		6B430EFD2AB474710055E2D5 /* SceneDelegate.swift in Sources */ = {isa = PBXBuildFile; fileRef = 6B430EFC2AB474710055E2D5 /* SceneDelegate.swift */; };
		6B430EFF2AB474710055E2D5 /* FirstViewController.swift in Sources */ = {isa = PBXBuildFile; fileRef = 6B430EFE2AB474710055E2D5 /* FirstViewController.swift */; };
		6B430F052AB474710055E2D5 /* M20_LocalSaveData.xcdatamodeld in Sources */ = {isa = PBXBuildFile; fileRef = 6B430F032AB474710055E2D5 /* M20_LocalSaveData.xcdatamodeld */; };
		6B430F072AB474730055E2D5 /* Assets.xcassets in Resources */ = {isa = PBXBuildFile; fileRef = 6B430F062AB474730055E2D5 /* Assets.xcassets */; };
		6B430F0A2AB474730055E2D5 /* LaunchScreen.storyboard in Resources */ = {isa = PBXBuildFile; fileRef = 6B430F082AB474730055E2D5 /* LaunchScreen.storyboard */; };
		6B430F122AB474BB0055E2D5 /* SecondViewController.swift in Sources */ = {isa = PBXBuildFile; fileRef = 6B430F112AB474BB0055E2D5 /* SecondViewController.swift */; };
		6B430F152AB4750C0055E2D5 /* Model.xcdatamodeld in Sources */ = {isa = PBXBuildFile; fileRef = 6B430F132AB4750C0055E2D5 /* Model.xcdatamodeld */; };
		6B430F182AB475710055E2D5 /* Artist+CoreDataClass.swift in Sources */ = {isa = PBXBuildFile; fileRef = 6B430F162AB475710055E2D5 /* Artist+CoreDataClass.swift */; };
		6B430F192AB475710055E2D5 /* Artist+CoreDataProperties.swift in Sources */ = {isa = PBXBuildFile; fileRef = 6B430F172AB475710055E2D5 /* Artist+CoreDataProperties.swift */; };
/* End PBXBuildFile section */

/* Begin PBXFileReference section */
		6B430EF72AB474710055E2D5 /* M20_LocalSaveData.app */ = {isa = PBXFileReference; explicitFileType = wrapper.application; includeInIndex = 0; path = M20_LocalSaveData.app; sourceTree = BUILT_PRODUCTS_DIR; };
		6B430EFA2AB474710055E2D5 /* AppDelegate.swift */ = {isa = PBXFileReference; lastKnownFileType = sourcecode.swift; path = AppDelegate.swift; sourceTree = "<group>"; };
		6B430EFC2AB474710055E2D5 /* SceneDelegate.swift */ = {isa = PBXFileReference; lastKnownFileType = sourcecode.swift; path = SceneDelegate.swift; sourceTree = "<group>"; };
		6B430EFE2AB474710055E2D5 /* FirstViewController.swift */ = {isa = PBXFileReference; lastKnownFileType = sourcecode.swift; path = FirstViewController.swift; sourceTree = "<group>"; };
		6B430F042AB474710055E2D5 /* M20_LocalSaveData.xcdatamodel */ = {isa = PBXFileReference; lastKnownFileType = wrapper.xcdatamodel; path = M20_LocalSaveData.xcdatamodel; sourceTree = "<group>"; };
		6B430F062AB474730055E2D5 /* Assets.xcassets */ = {isa = PBXFileReference; lastKnownFileType = folder.assetcatalog; path = Assets.xcassets; sourceTree = "<group>"; };
		6B430F092AB474730055E2D5 /* Base */ = {isa = PBXFileReference; lastKnownFileType = file.storyboard; name = Base; path = Base.lproj/LaunchScreen.storyboard; sourceTree = "<group>"; };
		6B430F0B2AB474730055E2D5 /* Info.plist */ = {isa = PBXFileReference; lastKnownFileType = text.plist.xml; path = Info.plist; sourceTree = "<group>"; };
		6B430F112AB474BB0055E2D5 /* SecondViewController.swift */ = {isa = PBXFileReference; lastKnownFileType = sourcecode.swift; path = SecondViewController.swift; sourceTree = "<group>"; };
		6B430F142AB4750C0055E2D5 /* Model.xcdatamodel */ = {isa = PBXFileReference; lastKnownFileType = wrapper.xcdatamodel; path = Model.xcdatamodel; sourceTree = "<group>"; };
		6B430F162AB475710055E2D5 /* Artist+CoreDataClass.swift */ = {isa = PBXFileReference; lastKnownFileType = sourcecode.swift; path = "Artist+CoreDataClass.swift"; sourceTree = "<group>"; };
		6B430F172AB475710055E2D5 /* Artist+CoreDataProperties.swift */ = {isa = PBXFileReference; lastKnownFileType = sourcecode.swift; path = "Artist+CoreDataProperties.swift"; sourceTree = "<group>"; };
		8241249FA98790D4A03132A3 /* Pods_M20_LocalSaveData.framework */ = {isa = PBXFileReference; explicitFileType = wrapper.framework; includeInIndex = 0; path = Pods_M20_LocalSaveData.framework; sourceTree = BUILT_PRODUCTS_DIR; };
		AFEFE3370E6C74E744A6F169 /* Pods-M20_LocalSaveData.debug.xcconfig */ = {isa = PBXFileReference; includeInIndex = 1; lastKnownFileType = text.xcconfig; name = "Pods-M20_LocalSaveData.debug.xcconfig"; path = "Target Support Files/Pods-M20_LocalSaveData/Pods-M20_LocalSaveData.debug.xcconfig"; sourceTree = "<group>"; };
		C92614FD06242FDEE2CE27F1 /* Pods-M20_LocalSaveData.release.xcconfig */ = {isa = PBXFileReference; includeInIndex = 1; lastKnownFileType = text.xcconfig; name = "Pods-M20_LocalSaveData.release.xcconfig"; path = "Target Support Files/Pods-M20_LocalSaveData/Pods-M20_LocalSaveData.release.xcconfig"; sourceTree = "<group>"; };
/* End PBXFileReference section */

/* Begin PBXFrameworksBuildPhase section */
		6B430EF42AB474710055E2D5 /* Frameworks */ = {
			isa = PBXFrameworksBuildPhase;
			buildActionMask = 2147483647;
			files = (
				0DA5E86F7A3393713469C473 /* Pods_M20_LocalSaveData.framework in Frameworks */,
			);
			runOnlyForDeploymentPostprocessing = 0;
		};
/* End PBXFrameworksBuildPhase section */

/* Begin PBXGroup section */
		5568891D219A938A4623F427 /* Pods */ = {
			isa = PBXGroup;
			children = (
				AFEFE3370E6C74E744A6F169 /* Pods-M20_LocalSaveData.debug.xcconfig */,
				C92614FD06242FDEE2CE27F1 /* Pods-M20_LocalSaveData.release.xcconfig */,
			);
			name = Pods;
			path = Pods;
			sourceTree = "<group>";
		};
		6B430EEE2AB474710055E2D5 = {
			isa = PBXGroup;
			children = (
				6B430F162AB475710055E2D5 /* Artist+CoreDataClass.swift */,
				6B430F172AB475710055E2D5 /* Artist+CoreDataProperties.swift */,
				6B430EF92AB474710055E2D5 /* M20_LocalSaveData */,
				6B430EF82AB474710055E2D5 /* Products */,
				5568891D219A938A4623F427 /* Pods */,
				F9AA0FEDD5262072817D0A26 /* Frameworks */,
			);
			sourceTree = "<group>";
		};
		6B430EF82AB474710055E2D5 /* Products */ = {
			isa = PBXGroup;
			children = (
				6B430EF72AB474710055E2D5 /* M20_LocalSaveData.app */,
			);
			name = Products;
			sourceTree = "<group>";
		};
		6B430EF92AB474710055E2D5 /* M20_LocalSaveData */ = {
			isa = PBXGroup;
			children = (
				6B430EFA2AB474710055E2D5 /* AppDelegate.swift */,
				6B430EFC2AB474710055E2D5 /* SceneDelegate.swift */,
				6B430EFE2AB474710055E2D5 /* FirstViewController.swift */,
				6B430F112AB474BB0055E2D5 /* SecondViewController.swift */,
				6B430F132AB4750C0055E2D5 /* Model.xcdatamodeld */,
				6B430F062AB474730055E2D5 /* Assets.xcassets */,
				6B430F082AB474730055E2D5 /* LaunchScreen.storyboard */,
				6B430F0B2AB474730055E2D5 /* Info.plist */,
				6B430F032AB474710055E2D5 /* M20_LocalSaveData.xcdatamodeld */,
			);
			path = M20_LocalSaveData;
			sourceTree = "<group>";
		};
		F9AA0FEDD5262072817D0A26 /* Frameworks */ = {
			isa = PBXGroup;
			children = (
				8241249FA98790D4A03132A3 /* Pods_M20_LocalSaveData.framework */,
			);
			name = Frameworks;
			sourceTree = "<group>";
		};
/* End PBXGroup section */

/* Begin PBXNativeTarget section */
		6B430EF62AB474710055E2D5 /* M20_LocalSaveData */ = {
			isa = PBXNativeTarget;
			buildConfigurationList = 6B430F0E2AB474730055E2D5 /* Build configuration list for PBXNativeTarget "M20_LocalSaveData" */;
			buildPhases = (
				0F6AE9FB0CB3F5BF69D4E0B5 /* [CP] Check Pods Manifest.lock */,
				6B430EF32AB474710055E2D5 /* Sources */,
				6B430EF42AB474710055E2D5 /* Frameworks */,
				6B430EF52AB474710055E2D5 /* Resources */,
				A2B9DD1867ADF6F0F271730C /* [CP] Embed Pods Frameworks */,
			);
			buildRules = (
			);
			dependencies = (
			);
			name = M20_LocalSaveData;
			productName = M20_LocalSaveData;
			productReference = 6B430EF72AB474710055E2D5 /* M20_LocalSaveData.app */;
			productType = "com.apple.product-type.application";
		};
/* End PBXNativeTarget section */

/* Begin PBXProject section */
		6B430EEF2AB474710055E2D5 /* Project object */ = {
			isa = PBXProject;
			attributes = {
				BuildIndependentTargetsInParallel = 1;
				LastSwiftUpdateCheck = 1320;
				LastUpgradeCheck = 1320;
				TargetAttributes = {
					6B430EF62AB474710055E2D5 = {
						CreatedOnToolsVersion = 13.2.1;
					};
				};
			};
			buildConfigurationList = 6B430EF22AB474710055E2D5 /* Build configuration list for PBXProject "M20_LocalSaveData" */;
			compatibilityVersion = "Xcode 13.0";
			developmentRegion = en;
			hasScannedForEncodings = 0;
			knownRegions = (
				en,
				Base,
			);
			mainGroup = 6B430EEE2AB474710055E2D5;
			productRefGroup = 6B430EF82AB474710055E2D5 /* Products */;
			projectDirPath = "";
			projectRoot = "";
			targets = (
				6B430EF62AB474710055E2D5 /* M20_LocalSaveData */,
			);
		};
/* End PBXProject section */

/* Begin PBXResourcesBuildPhase section */
		6B430EF52AB474710055E2D5 /* Resources */ = {
			isa = PBXResourcesBuildPhase;
			buildActionMask = 2147483647;
			files = (
				6B430F0A2AB474730055E2D5 /* LaunchScreen.storyboard in Resources */,
				6B430F072AB474730055E2D5 /* Assets.xcassets in Resources */,
			);
			runOnlyForDeploymentPostprocessing = 0;
		};
/* End PBXResourcesBuildPhase section */

/* Begin PBXShellScriptBuildPhase section */
		0F6AE9FB0CB3F5BF69D4E0B5 /* [CP] Check Pods Manifest.lock */ = {
			isa = PBXShellScriptBuildPhase;
			buildActionMask = 2147483647;
			files = (
			);
			inputFileListPaths = (
			);
			inputPaths = (
				"${PODS_PODFILE_DIR_PATH}/Podfile.lock",
				"${PODS_ROOT}/Manifest.lock",
			);
			name = "[CP] Check Pods Manifest.lock";
			outputFileListPaths = (
			);
			outputPaths = (
				"$(DERIVED_FILE_DIR)/Pods-M20_LocalSaveData-checkManifestLockResult.txt",
			);
			runOnlyForDeploymentPostprocessing = 0;
			shellPath = /bin/sh;
			shellScript = "diff \"${PODS_PODFILE_DIR_PATH}/Podfile.lock\" \"${PODS_ROOT}/Manifest.lock\" > /dev/null\nif [ $? != 0 ] ; then\n    # print error to STDERR\n    echo \"error: The sandbox is not in sync with the Podfile.lock. Run 'pod install' or update your CocoaPods installation.\" >&2\n    exit 1\nfi\n# This output is used by Xcode 'outputs' to avoid re-running this script phase.\necho \"SUCCESS\" > \"${SCRIPT_OUTPUT_FILE_0}\"\n";
			showEnvVarsInLog = 0;
		};
		A2B9DD1867ADF6F0F271730C /* [CP] Embed Pods Frameworks */ = {
			isa = PBXShellScriptBuildPhase;
			buildActionMask = 2147483647;
			files = (
			);
			inputFileListPaths = (
				"${PODS_ROOT}/Target Support Files/Pods-M20_LocalSaveData/Pods-M20_LocalSaveData-frameworks-${CONFIGURATION}-input-files.xcfilelist",
			);
			name = "[CP] Embed Pods Frameworks";
			outputFileListPaths = (
				"${PODS_ROOT}/Target Support Files/Pods-M20_LocalSaveData/Pods-M20_LocalSaveData-frameworks-${CONFIGURATION}-output-files.xcfilelist",
			);
			runOnlyForDeploymentPostprocessing = 0;
			shellPath = /bin/sh;
			shellScript = "\"${PODS_ROOT}/Target Support Files/Pods-M20_LocalSaveData/Pods-M20_LocalSaveData-frameworks.sh\"\n";
			showEnvVarsInLog = 0;
		};
/* End PBXShellScriptBuildPhase section */

/* Begin PBXSourcesBuildPhase section */
		6B430EF32AB474710055E2D5 /* Sources */ = {
			isa = PBXSourcesBuildPhase;
			buildActionMask = 2147483647;
			files = (
				6B430F052AB474710055E2D5 /* M20_LocalSaveData.xcdatamodeld in Sources */,
				6B430EFF2AB474710055E2D5 /* FirstViewController.swift in Sources */,
				6B430EFB2AB474710055E2D5 /* AppDelegate.swift in Sources */,
				6B430F182AB475710055E2D5 /* Artist+CoreDataClass.swift in Sources */,
				6B430F192AB475710055E2D5 /* Artist+CoreDataProperties.swift in Sources */,
				6B430EFD2AB474710055E2D5 /* SceneDelegate.swift in Sources */,
				6B430F122AB474BB0055E2D5 /* SecondViewController.swift in Sources */,
				6B430F152AB4750C0055E2D5 /* Model.xcdatamodeld in Sources */,
			);
			runOnlyForDeploymentPostprocessing = 0;
		};
/* End PBXSourcesBuildPhase section */

/* Begin PBXVariantGroup section */
		6B430F082AB474730055E2D5 /* LaunchScreen.storyboard */ = {
			isa = PBXVariantGroup;
			children = (
				6B430F092AB474730055E2D5 /* Base */,
			);
			name = LaunchScreen.storyboard;
			sourceTree = "<group>";
		};
/* End PBXVariantGroup section */

/* Begin XCBuildConfiguration section */
		6B430F0C2AB474730055E2D5 /* Debug */ = {
			isa = XCBuildConfiguration;
			buildSettings = {
				ALWAYS_SEARCH_USER_PATHS = NO;
				CLANG_ANALYZER_NONNULL = YES;
				CLANG_ANALYZER_NUMBER_OBJECT_CONVERSION = YES_AGGRESSIVE;
				CLANG_CXX_LANGUAGE_STANDARD = "gnu++17";
				CLANG_CXX_LIBRARY = "libc++";
				CLANG_ENABLE_MODULES = YES;
				CLANG_ENABLE_OBJC_ARC = YES;
				CLANG_ENABLE_OBJC_WEAK = YES;
				CLANG_WARN_BLOCK_CAPTURE_AUTORELEASING = YES;
				CLANG_WARN_BOOL_CONVERSION = YES;
				CLANG_WARN_COMMA = YES;
				CLANG_WARN_CONSTANT_CONVERSION = YES;
				CLANG_WARN_DEPRECATED_OBJC_IMPLEMENTATIONS = YES;
				CLANG_WARN_DIRECT_OBJC_ISA_USAGE = YES_ERROR;
				CLANG_WARN_DOCUMENTATION_COMMENTS = YES;
				CLANG_WARN_EMPTY_BODY = YES;
				CLANG_WARN_ENUM_CONVERSION = YES;
				CLANG_WARN_INFINITE_RECURSION = YES;
				CLANG_WARN_INT_CONVERSION = YES;
				CLANG_WARN_NON_LITERAL_NULL_CONVERSION = YES;
				CLANG_WARN_OBJC_IMPLICIT_RETAIN_SELF = YES;
				CLANG_WARN_OBJC_LITERAL_CONVERSION = YES;
				CLANG_WARN_OBJC_ROOT_CLASS = YES_ERROR;
				CLANG_WARN_QUOTED_INCLUDE_IN_FRAMEWORK_HEADER = YES;
				CLANG_WARN_RANGE_LOOP_ANALYSIS = YES;
				CLANG_WARN_STRICT_PROTOTYPES = YES;
				CLANG_WARN_SUSPICIOUS_MOVE = YES;
				CLANG_WARN_UNGUARDED_AVAILABILITY = YES_AGGRESSIVE;
				CLANG_WARN_UNREACHABLE_CODE = YES;
				CLANG_WARN__DUPLICATE_METHOD_MATCH = YES;
				COPY_PHASE_STRIP = NO;
				DEBUG_INFORMATION_FORMAT = dwarf;
				ENABLE_STRICT_OBJC_MSGSEND = YES;
				ENABLE_TESTABILITY = YES;
				GCC_C_LANGUAGE_STANDARD = gnu11;
				GCC_DYNAMIC_NO_PIC = NO;
				GCC_NO_COMMON_BLOCKS = YES;
				GCC_OPTIMIZATION_LEVEL = 0;
				GCC_PREPROCESSOR_DEFINITIONS = (
					"DEBUG=1",
					"$(inherited)",
				);
				GCC_WARN_64_TO_32_BIT_CONVERSION = YES;
				GCC_WARN_ABOUT_RETURN_TYPE = YES_ERROR;
				GCC_WARN_UNDECLARED_SELECTOR = YES;
				GCC_WARN_UNINITIALIZED_AUTOS = YES_AGGRESSIVE;
				GCC_WARN_UNUSED_FUNCTION = YES;
				GCC_WARN_UNUSED_VARIABLE = YES;
				IPHONEOS_DEPLOYMENT_TARGET = 15.2;
				MTL_ENABLE_DEBUG_INFO = INCLUDE_SOURCE;
				MTL_FAST_MATH = YES;
				ONLY_ACTIVE_ARCH = YES;
				SDKROOT = iphoneos;
				SWIFT_ACTIVE_COMPILATION_CONDITIONS = DEBUG;
				SWIFT_OPTIMIZATION_LEVEL = "-Onone";
			};
			name = Debug;
		};
		6B430F0D2AB474730055E2D5 /* Release */ = {
			isa = XCBuildConfiguration;
			buildSettings = {
				ALWAYS_SEARCH_USER_PATHS = NO;
				CLANG_ANALYZER_NONNULL = YES;
				CLANG_ANALYZER_NUMBER_OBJECT_CONVERSION = YES_AGGRESSIVE;
				CLANG_CXX_LANGUAGE_STANDARD = "gnu++17";
				CLANG_CXX_LIBRARY = "libc++";
				CLANG_ENABLE_MODULES = YES;
				CLANG_ENABLE_OBJC_ARC = YES;
				CLANG_ENABLE_OBJC_WEAK = YES;
				CLANG_WARN_BLOCK_CAPTURE_AUTORELEASING = YES;
				CLANG_WARN_BOOL_CONVERSION = YES;
				CLANG_WARN_COMMA = YES;
				CLANG_WARN_CONSTANT_CONVERSION = YES;
				CLANG_WARN_DEPRECATED_OBJC_IMPLEMENTATIONS = YES;
				CLANG_WARN_DIRECT_OBJC_ISA_USAGE = YES_ERROR;
				CLANG_WARN_DOCUMENTATION_COMMENTS = YES;
				CLANG_WARN_EMPTY_BODY = YES;
				CLANG_WARN_ENUM_CONVERSION = YES;
				CLANG_WARN_INFINITE_RECURSION = YES;
				CLANG_WARN_INT_CONVERSION = YES;
				CLANG_WARN_NON_LITERAL_NULL_CONVERSION = YES;
				CLANG_WARN_OBJC_IMPLICIT_RETAIN_SELF = YES;
				CLANG_WARN_OBJC_LITERAL_CONVERSION = YES;
				CLANG_WARN_OBJC_ROOT_CLASS = YES_ERROR;
				CLANG_WARN_QUOTED_INCLUDE_IN_FRAMEWORK_HEADER = YES;
				CLANG_WARN_RANGE_LOOP_ANALYSIS = YES;
				CLANG_WARN_STRICT_PROTOTYPES = YES;
				CLANG_WARN_SUSPICIOUS_MOVE = YES;
				CLANG_WARN_UNGUARDED_AVAILABILITY = YES_AGGRESSIVE;
				CLANG_WARN_UNREACHABLE_CODE = YES;
				CLANG_WARN__DUPLICATE_METHOD_MATCH = YES;
				COPY_PHASE_STRIP = NO;
				DEBUG_INFORMATION_FORMAT = "dwarf-with-dsym";
				ENABLE_NS_ASSERTIONS = NO;
				ENABLE_STRICT_OBJC_MSGSEND = YES;
				GCC_C_LANGUAGE_STANDARD = gnu11;
				GCC_NO_COMMON_BLOCKS = YES;
				GCC_WARN_64_TO_32_BIT_CONVERSION = YES;
				GCC_WARN_ABOUT_RETURN_TYPE = YES_ERROR;
				GCC_WARN_UNDECLARED_SELECTOR = YES;
				GCC_WARN_UNINITIALIZED_AUTOS = YES_AGGRESSIVE;
				GCC_WARN_UNUSED_FUNCTION = YES;
				GCC_WARN_UNUSED_VARIABLE = YES;
				IPHONEOS_DEPLOYMENT_TARGET = 15.2;
				MTL_ENABLE_DEBUG_INFO = NO;
				MTL_FAST_MATH = YES;
				SDKROOT = iphoneos;
				SWIFT_COMPILATION_MODE = wholemodule;
				SWIFT_OPTIMIZATION_LEVEL = "-O";
				VALIDATE_PRODUCT = YES;
			};
			name = Release;
		};
		6B430F0F2AB474730055E2D5 /* Debug */ = {
			isa = XCBuildConfiguration;
			baseConfigurationReference = AFEFE3370E6C74E744A6F169 /* Pods-M20_LocalSaveData.debug.xcconfig */;
			buildSettings = {
				ASSETCATALOG_COMPILER_APPICON_NAME = AppIcon;
				ASSETCATALOG_COMPILER_GLOBAL_ACCENT_COLOR_NAME = AccentColor;
				CODE_SIGN_STYLE = Automatic;
				CURRENT_PROJECT_VERSION = 1;
				GENERATE_INFOPLIST_FILE = YES;
				INFOPLIST_FILE = M20_LocalSaveData/Info.plist;
				INFOPLIST_KEY_UIApplicationSupportsIndirectInputEvents = YES;
				INFOPLIST_KEY_UILaunchStoryboardName = LaunchScreen;
				INFOPLIST_KEY_UISupportedInterfaceOrientations_iPad = "UIInterfaceOrientationPortrait UIInterfaceOrientationPortraitUpsideDown UIInterfaceOrientationLandscapeLeft UIInterfaceOrientationLandscapeRight";
				INFOPLIST_KEY_UISupportedInterfaceOrientations_iPhone = "UIInterfaceOrientationPortrait UIInterfaceOrientationLandscapeLeft UIInterfaceOrientationLandscapeRight";
				LD_RUNPATH_SEARCH_PATHS = (
					"$(inherited)",
					"@executable_path/Frameworks",
				);
				MARKETING_VERSION = 1.0;
				PRODUCT_BUNDLE_IDENTIFIER = "SkillBox.M20-LocalSaveData";
				PRODUCT_NAME = "$(TARGET_NAME)";
				SWIFT_EMIT_LOC_STRINGS = YES;
				SWIFT_VERSION = 5.0;
				TARGETED_DEVICE_FAMILY = "1,2";
			};
			name = Debug;
		};
		6B430F102AB474730055E2D5 /* Release */ = {
			isa = XCBuildConfiguration;
			baseConfigurationReference = C92614FD06242FDEE2CE27F1 /* Pods-M20_LocalSaveData.release.xcconfig */;
			buildSettings = {
				ASSETCATALOG_COMPILER_APPICON_NAME = AppIcon;
				ASSETCATALOG_COMPILER_GLOBAL_ACCENT_COLOR_NAME = AccentColor;
				CODE_SIGN_STYLE = Automatic;
				CURRENT_PROJECT_VERSION = 1;
				GENERATE_INFOPLIST_FILE = YES;
				INFOPLIST_FILE = M20_LocalSaveData/Info.plist;
				INFOPLIST_KEY_UIApplicationSupportsIndirectInputEvents = YES;
				INFOPLIST_KEY_UILaunchStoryboardName = LaunchScreen;
				INFOPLIST_KEY_UISupportedInterfaceOrientations_iPad = "UIInterfaceOrientationPortrait UIInterfaceOrientationPortraitUpsideDown UIInterfaceOrientationLandscapeLeft UIInterfaceOrientationLandscapeRight";
				INFOPLIST_KEY_UISupportedInterfaceOrientations_iPhone = "UIInterfaceOrientationPortrait UIInterfaceOrientationLandscapeLeft UIInterfaceOrientationLandscapeRight";
				LD_RUNPATH_SEARCH_PATHS = (
					"$(inherited)",
					"@executable_path/Frameworks",
				);
				MARKETING_VERSION = 1.0;
				PRODUCT_BUNDLE_IDENTIFIER = "SkillBox.M20-LocalSaveData";
				PRODUCT_NAME = "$(TARGET_NAME)";
				SWIFT_EMIT_LOC_STRINGS = YES;
				SWIFT_VERSION = 5.0;
				TARGETED_DEVICE_FAMILY = "1,2";
			};
			name = Release;
		};
/* End XCBuildConfiguration section */

/* Begin XCConfigurationList section */
		6B430EF22AB474710055E2D5 /* Build configuration list for PBXProject "M20_LocalSaveData" */ = {
			isa = XCConfigurationList;
			buildConfigurations = (
				6B430F0C2AB474730055E2D5 /* Debug */,
				6B430F0D2AB474730055E2D5 /* Release */,
			);
			defaultConfigurationIsVisible = 0;
			defaultConfigurationName = Release;
		};
		6B430F0E2AB474730055E2D5 /* Build configuration list for PBXNativeTarget "M20_LocalSaveData" */ = {
			isa = XCConfigurationList;
			buildConfigurations = (
				6B430F0F2AB474730055E2D5 /* Debug */,
				6B430F102AB474730055E2D5 /* Release */,
			);
			defaultConfigurationIsVisible = 0;
			defaultConfigurationName = Release;
		};
/* End XCConfigurationList section */

/* Begin XCVersionGroup section */
		6B430F032AB474710055E2D5 /* M20_LocalSaveData.xcdatamodeld */ = {
			isa = XCVersionGroup;
			children = (
				6B430F042AB474710055E2D5 /* M20_LocalSaveData.xcdatamodel */,
			);
			currentVersion = 6B430F042AB474710055E2D5 /* M20_LocalSaveData.xcdatamodel */;
			path = M20_LocalSaveData.xcdatamodeld;
			sourceTree = "<group>";
			versionGroupType = wrapper.xcdatamodel;
		};
		6B430F132AB4750C0055E2D5 /* Model.xcdatamodeld */ = {
			isa = XCVersionGroup;
			children = (
				6B430F142AB4750C0055E2D5 /* Model.xcdatamodel */,
			);
			currentVersion = 6B430F142AB4750C0055E2D5 /* Model.xcdatamodel */;
			path = Model.xcdatamodeld;
			sourceTree = "<group>";
			versionGroupType = wrapper.xcdatamodel;
		};
/* End XCVersionGroup section */
	};
	rootObject = 6B430EEF2AB474710055E2D5 /* Project object */;
}
